// !$*UTF8*$!
{
	archiveVersion = 1;
	classes = {
	};
	objectVersion = 56;
	objects = {

/* Begin PBXBuildFile section */
		A50000000000000000000001 /* App.swift in Sources */ = {isa = PBXBuildFile; fileRef = A40000000000000000000001 /* App.swift */; };
		A50000000000000000000002 /* AppModel.swift in Sources */ = {isa = PBXBuildFile; fileRef = A40000000000000000000002 /* AppModel.swift */; };
		A50000000000000000000003 /* ControlAgentRegistration.swift in Sources */ = {isa = PBXBuildFile; fileRef = A40000000000000000000003 /* ControlAgentRegistration.swift */; };
		A50000000000000000000004 /* ControlMenuView.swift in Sources */ = {isa = PBXBuildFile; fileRef = A40000000000000000000004 /* ControlMenuView.swift */; };
		A50000000000000000000005 /* ProfilePickerView.swift in Sources */ = {isa = PBXBuildFile; fileRef = A40000000000000000000005 /* ProfilePickerView.swift */; };
		A50000000000000000000006 /* ServiceAPIClient.swift in Sources */ = {isa = PBXBuildFile; fileRef = A40000000000000000000006 /* ServiceAPIClient.swift */; };
		A50000000000000000000051 /* CreatorServiceClient.swift in Sources */ = {isa = PBXBuildFile; fileRef = A40000000000000000000046 /* CreatorServiceClient.swift */; };
		A50000000000000000000052 /* AudioPlaybackController.swift in Sources */ = {isa = PBXBuildFile; fileRef = A40000000000000000000047 /* AudioPlaybackController.swift */; };
		A50000000000000000000053 /* CreativeWorkStore.swift in Sources */ = {isa = PBXBuildFile; fileRef = A40000000000000000000048 /* CreativeWorkStore.swift */; };
		A50000000000000000000054 /* AudioEnvelope.swift in Sources */ = {isa = PBXBuildFile; fileRef = A40000000000000000000049 /* AudioEnvelope.swift */; };
		A50000000000000000000055 /* VoiceRecordingController.swift in Sources */ = {isa = PBXBuildFile; fileRef = A40000000000000000000050 /* VoiceRecordingController.swift */; };
		A50000000000000000000056 /* AudioReferenceCheck.swift in Sources */ = {isa = PBXBuildFile; fileRef = A40000000000000000000051 /* AudioReferenceCheck.swift */; };
		A50000000000000000000057 /* VoiceCloneView.swift in Sources */ = {isa = PBXBuildFile; fileRef = A40000000000000000000052 /* VoiceCloneView.swift */; };
		A50000000000000000000058 /* DeveloperDocsContent.swift in Sources */ = {isa = PBXBuildFile; fileRef = A40000000000000000000053 /* DeveloperDocsContent.swift */; };
		A50000000000000000000059 /* DeveloperDocsView.swift in Sources */ = {isa = PBXBuildFile; fileRef = A40000000000000000000054 /* DeveloperDocsView.swift */; };
		A50000000000000000000060 /* SessionDomain.swift in Sources */ = {isa = PBXBuildFile; fileRef = A40000000000000000000055 /* SessionDomain.swift */; };
		A50000000000000000000061 /* SessionStore.swift in Sources */ = {isa = PBXBuildFile; fileRef = A40000000000000000000056 /* SessionStore.swift */; };
		A50000000000000000000062 /* SessionCoordinator.swift in Sources */ = {isa = PBXBuildFile; fileRef = A40000000000000000000057 /* SessionCoordinator.swift */; };
		A50000000000000000000063 /* SessionSurfaceViews.swift in Sources */ = {isa = PBXBuildFile; fileRef = A40000000000000000000058 /* SessionSurfaceViews.swift */; };
		A50000000000000000000064 /* SessionExporter.swift in Sources */ = {isa = PBXBuildFile; fileRef = A40000000000000000000059 /* SessionExporter.swift */; };
		A50000000000000000000080 /* SessionDesignSurface.swift in Sources */ = {isa = PBXBuildFile; fileRef = A40000000000000000000080 /* SessionDesignSurface.swift */; };
		A50000000000000000000069 /* SpeechRailAPICredentials.swift in Sources */ = {isa = PBXBuildFile; fileRef = A4000000000000000000005E /* SpeechRailAPICredentials.swift */; };
		A50000000000000000000068 /* CaptionBandWindow.swift in Sources */ = {isa = PBXBuildFile; fileRef = A4000000000000000000005D /* CaptionBandWindow.swift */; };
		A50000000000000000000067 /* CaptionSession.swift in Sources */ = {isa = PBXBuildFile; fileRef = A4000000000000000000005C /* CaptionSession.swift */; };
		A5000000000000000000006B /* SpeakerLabelingView.swift in Sources */ = {isa = PBXBuildFile; fileRef = A40000000000000000000060 /* SpeakerLabelingView.swift */; };
		A5000000000000000000006C /* LLMProvider.swift in Sources */ = {isa = PBXBuildFile; fileRef = A40000000000000000000061 /* LLMProvider.swift */; };
		A5000000000000000000006D /* SessionPreferences.swift in Sources */ = {isa = PBXBuildFile; fileRef = A40000000000000000000062 /* SessionPreferences.swift */; };
		A5000000000000000000006E /* AssistantSession.swift in Sources */ = {isa = PBXBuildFile; fileRef = A40000000000000000000063 /* AssistantSession.swift */; };
		A50000000000000000000087 /* AssistantAudioSession.swift in Sources */ = {isa = PBXBuildFile; fileRef = A40000000000000000000087 /* AssistantAudioSession.swift */; };
		A50000000000000000000088 /* AssistantAudioPlayback.swift in Sources */ = {isa = PBXBuildFile; fileRef = A40000000000000000000089 /* AssistantAudioPlayback.swift */; };
		A50000000000000000000089 /* AudioSampleRing.swift in Sources */ = {isa = PBXBuildFile; fileRef = A40000000000000000000088 /* AudioSampleRing.swift */; };
		A5000000000000000000006F /* AssistantView.swift in Sources */ = {isa = PBXBuildFile; fileRef = A40000000000000000000064 /* AssistantView.swift */; };
		A5000000000000000000006A /* SpeakerLabeling.swift in Sources */ = {isa = PBXBuildFile; fileRef = A4000000000000000000005F /* SpeakerLabeling.swift */; };
		A50000000000000000000066 /* MicrophoneCapture.swift in Sources */ = {isa = PBXBuildFile; fileRef = A4000000000000000000005B /* MicrophoneCapture.swift */; };
		A50000000000000000000065 /* RealtimeASRClient.swift in Sources */ = {isa = PBXBuildFile; fileRef = A4000000000000000000005A /* RealtimeASRClient.swift */; };
		A50000000000000000000007 /* ServiceStatusView.swift in Sources */ = {isa = PBXBuildFile; fileRef = A40000000000000000000007 /* ServiceStatusView.swift */; };
		A50000000000000000000008 /* SettingsView.swift in Sources */ = {isa = PBXBuildFile; fileRef = A40000000000000000000008 /* SettingsView.swift */; };
		A50000000000000000000030 /* SpeechRailDesignTokens.swift in Sources */ = {isa = PBXBuildFile; fileRef = A40000000000000000000028 /* SpeechRailDesignTokens.swift */; };
		A50000000000000000000031 /* AppNavigationState.swift in Sources */ = {isa = PBXBuildFile; fileRef = A40000000000000000000029 /* AppNavigationState.swift */; };
		A50000000000000000000086 /* WindowLayoutPolicy.swift in Sources */ = {isa = PBXBuildFile; fileRef = A40000000000000000000086 /* WindowLayoutPolicy.swift */; };
		A50000000000000000000032 /* AppRoute.swift in Sources */ = {isa = PBXBuildFile; fileRef = A40000000000000000000030 /* AppRoute.swift */; };
		A50000000000000000000033 /* ControlCenterView.swift in Sources */ = {isa = PBXBuildFile; fileRef = A40000000000000000000031 /* ControlCenterView.swift */; };
		A50000000000000000000034 /* CreatorSurfaceViews.swift in Sources */ = {isa = PBXBuildFile; fileRef = A40000000000000000000032 /* CreatorSurfaceViews.swift */; };
		A50000000000000000000035 /* ServiceRoutePreviewView.swift in Sources */ = {isa = PBXBuildFile; fileRef = A40000000000000000000033 /* ServiceRoutePreviewView.swift */; };
		A50000000000000000000036 /* SurfaceHeaderView.swift in Sources */ = {isa = PBXBuildFile; fileRef = A40000000000000000000034 /* SurfaceHeaderView.swift */; };
		A50000000000000000000037 /* ServiceDiagnosticsTypes.swift in Sources */ = {isa = PBXBuildFile; fileRef = A40000000000000000000035 /* ServiceDiagnosticsTypes.swift */; };
		A50000000000000000000038 /* RuntimeMetricsSampler.swift in Sources */ = {isa = PBXBuildFile; fileRef = A40000000000000000000036 /* RuntimeMetricsSampler.swift */; };
		A50000000000000000000039 /* ServiceOverviewView.swift in Sources */ = {isa = PBXBuildFile; fileRef = A40000000000000000000037 /* ServiceOverviewView.swift */; };
		A50000000000000000000040 /* RuntimeMonitoringView.swift in Sources */ = {isa = PBXBuildFile; fileRef = A40000000000000000000038 /* RuntimeMonitoringView.swift */; };
		A50000000000000000000041 /* ModelManagementView.swift in Sources */ = {isa = PBXBuildFile; fileRef = A40000000000000000000039 /* ModelManagementView.swift */; };
		A50000000000000000000042 /* PreflightDiagnosticsView.swift in Sources */ = {isa = PBXBuildFile; fileRef = A40000000000000000000040 /* PreflightDiagnosticsView.swift */; };
		A50000000000000000000043 /* OperationJournal.swift in Sources */ = {isa = PBXBuildFile; fileRef = A40000000000000000000041 /* OperationJournal.swift */; };
		A50000000000000000000044 /* ControlAgentRegistrationTests.swift in Sources */ = {isa = PBXBuildFile; fileRef = A40000000000000000000042 /* ControlAgentRegistrationTests.swift */; };
		A50000000000000000000045 /* ControlAgentRegistration.swift in Test Sources */ = {isa = PBXBuildFile; fileRef = A40000000000000000000003 /* ControlAgentRegistration.swift */; };
		A50000000000000000000046 /* ControlAgentStatusView.swift in Sources */ = {isa = PBXBuildFile; fileRef = A40000000000000000000043 /* ControlAgentStatusView.swift */; };
		A50000000000000000000047 /* RuntimeMonitoringAccessibility.swift in Sources */ = {isa = PBXBuildFile; fileRef = A40000000000000000000044 /* RuntimeMonitoringAccessibility.swift */; };
		A50000000000000000000048 /* RuntimeMonitoringAccessibility.swift in Test Sources */ = {isa = PBXBuildFile; fileRef = A40000000000000000000044 /* RuntimeMonitoringAccessibility.swift */; };
		A50000000000000000000049 /* WorkspaceComponents.swift in Sources */ = {isa = PBXBuildFile; fileRef = A40000000000000000000045 /* WorkspaceComponents.swift */; };
		A50000000000000000000050 /* RuntimeMetricsSampler.swift in Test Sources */ = {isa = PBXBuildFile; fileRef = A40000000000000000000036 /* RuntimeMetricsSampler.swift */; };
		A50000000000000000000081 /* LLMProvider.swift in Test Sources */ = {isa = PBXBuildFile; fileRef = A40000000000000000000061 /* LLMProvider.swift */; };
		A50000000000000000000082 /* LLMProviderTests.swift in Sources */ = {isa = PBXBuildFile; fileRef = A4000000000000000000007A /* LLMProviderTests.swift */; };
		A50000000000000000000083 /* VoicePrompt.swift in Sources */ = {isa = PBXBuildFile; fileRef = A4000000000000000000007B /* VoicePrompt.swift */; };
		A50000000000000000000084 /* VoicePrompt.swift in Test Sources */ = {isa = PBXBuildFile; fileRef = A4000000000000000000007B /* VoicePrompt.swift */; };
		A50000000000000000000085 /* VoicePromptTests.swift in Sources */ = {isa = PBXBuildFile; fileRef = A4000000000000000000007C /* VoicePromptTests.swift */; };
		A50000000000000000000090 /* AudioSampleRing.swift in Test Sources */ = {isa = PBXBuildFile; fileRef = A40000000000000000000088 /* AudioSampleRing.swift */; };
		A50000000000000000000091 /* AudioSampleRingTests.swift in Sources */ = {isa = PBXBuildFile; fileRef = A4000000000000000000008A /* AudioSampleRingTests.swift */; };
		A50000000000000000000009 /* SpeechRailControlKit.framework in Frameworks */ = {isa = PBXBuildFile; fileRef = F10000000000000000000001 /* SpeechRailControlKit.framework */; };
		A50000000000000000000010 /* ControlTypes.swift in Sources */ = {isa = PBXBuildFile; fileRef = A40000000000000000000009 /* ControlTypes.swift */; };
		A50000000000000000000011 /* XPCControlTransport.swift in Sources */ = {isa = PBXBuildFile; fileRef = A40000000000000000000010 /* XPCControlTransport.swift */; };
		A50000000000000000000026 /* ControlTransport.swift in Sources */ = {isa = PBXBuildFile; fileRef = A40000000000000000000026 /* ControlTransport.swift */; };
		A50000000000000000000092 /* ServiceContractTypes.swift in Sources */ = {isa = PBXBuildFile; fileRef = A40000000000000000000092 /* ServiceContractTypes.swift */; };
		A50000000000000000000093 /* ServiceHTTPTransport.swift in Sources */ = {isa = PBXBuildFile; fileRef = A40000000000000000000093 /* ServiceHTTPTransport.swift */; };
		A50000000000000000000095 /* RealtimeContractTypes.swift in Sources */ = {isa = PBXBuildFile; fileRef = A40000000000000000000095 /* RealtimeContractTypes.swift */; };
		A50000000000000000000012 /* SpeechRailControlKit.framework in AgentCore Frameworks */ = {isa = PBXBuildFile; fileRef = F10000000000000000000001 /* SpeechRailControlKit.framework */; };
		A50000000000000000000013 /* AgentCommandRunner.swift in Sources */ = {isa = PBXBuildFile; fileRef = A40000000000000000000011 /* AgentCommandRunner.swift */; };
		A50000000000000000000014 /* AgentOperationStore.swift in Sources */ = {isa = PBXBuildFile; fileRef = A40000000000000000000012 /* AgentOperationStore.swift */; };
		A50000000000000000000015 /* XPCControlService.swift in Sources */ = {isa = PBXBuildFile; fileRef = A40000000000000000000013 /* XPCControlService.swift */; };
		A50000000000000000000016 /* XPCPeerPolicy.swift in Sources */ = {isa = PBXBuildFile; fileRef = A40000000000000000000014 /* XPCPeerPolicy.swift */; };
		A50000000000000000000017 /* SpeechRailControlAgentCore.framework in Agent Frameworks */ = {isa = PBXBuildFile; fileRef = F10000000000000000000002 /* SpeechRailControlAgentCore.framework */; };
		A50000000000000000000018 /* SpeechRailControlKit.framework in Agent Frameworks */ = {isa = PBXBuildFile; fileRef = F10000000000000000000001 /* SpeechRailControlKit.framework */; };
		A50000000000000000000019 /* main.swift in Sources */ = {isa = PBXBuildFile; fileRef = A40000000000000000000015 /* main.swift */; };
		A50000000000000000000020 /* SpeechRailControlKit.framework in Tests Frameworks */ = {isa = PBXBuildFile; fileRef = F10000000000000000000001 /* SpeechRailControlKit.framework */; };
		A50000000000000000000021 /* SpeechRailControlAgentCore.framework in Tests Frameworks */ = {isa = PBXBuildFile; fileRef = F10000000000000000000002 /* SpeechRailControlAgentCore.framework */; };
		A50000000000000000000022 /* ControlKitTests.swift in Sources */ = {isa = PBXBuildFile; fileRef = A40000000000000000000016 /* ControlKitTests.swift */; };
		A50000000000000000000023 /* AgentCoreTests.swift in Sources */ = {isa = PBXBuildFile; fileRef = A40000000000000000000017 /* AgentCoreTests.swift */; };
		A50000000000000000000094 /* ServiceContractTests.swift in Sources */ = {isa = PBXBuildFile; fileRef = A40000000000000000000094 /* ServiceContractTests.swift */; };
		A50000000000000000000096 /* RealtimeContractTests.swift in Sources */ = {isa = PBXBuildFile; fileRef = A40000000000000000000096 /* RealtimeContractTests.swift */; };
		A50000000000000000000024 /* SpeechRailAppUITests.swift in Sources */ = {isa = PBXBuildFile; fileRef = A40000000000000000000018 /* SpeechRailAppUITests.swift */; };
		A50000000000000000000025 /* SpeechRail.app in UI Test Host */ = {isa = PBXBuildFile; fileRef = F10000000000000000000004 /* SpeechRail.app */; };
		A50000000000000000000027 /* SpeechRailControlKit.framework in Embed Frameworks */ = {isa = PBXBuildFile; fileRef = F10000000000000000000001 /* SpeechRailControlKit.framework */; settings = {ATTRIBUTES = (CodeSignOnCopy, RemoveHeadersOnCopy,); }; };
		A50000000000000000000028 /* SpeechRailControlAgentCore.framework in Embed Frameworks */ = {isa = PBXBuildFile; fileRef = F10000000000000000000002 /* SpeechRailControlAgentCore.framework */; settings = {ATTRIBUTES = (CodeSignOnCopy, RemoveHeadersOnCopy,); }; };
		A50000000000000000000029 /* Assets.xcassets in Resources */ = {isa = PBXBuildFile; fileRef = A40000000000000000000027 /* Assets.xcassets */; };
		A50000000000000000000070 /* CoreAudioTapCapture.swift in Sources */ = {isa = PBXBuildFile; fileRef = A40000000000000000000065 /* CoreAudioTapCapture.swift */; };
		A50000000000000000000071 /* CaptureHelperProtocol.swift in Sources */ = {isa = PBXBuildFile; fileRef = A40000000000000000000066 /* CaptureHelperProtocol.swift */; };
		A50000000000000000000072 /* CaptureHelperClient.swift in Sources */ = {isa = PBXBuildFile; fileRef = A40000000000000000000067 /* CaptureHelperClient.swift */; };
		A50000000000000000000073 /* AudioSourceCoordinator.swift in Sources */ = {isa = PBXBuildFile; fileRef = A40000000000000000000068 /* AudioSourceCoordinator.swift */; };
		A50000000000000000000074 /* MeetingSession.swift in Sources */ = {isa = PBXBuildFile; fileRef = A40000000000000000000069 /* MeetingSession.swift */; };
		A50000000000000000000075 /* MinutesGenerator.swift in Sources */ = {isa = PBXBuildFile; fileRef = A4000000000000000000006A /* MinutesGenerator.swift */; };
		A50000000000000000000076 /* InnerOSSession.swift in Sources */ = {isa = PBXBuildFile; fileRef = A4000000000000000000006B /* InnerOSSession.swift */; };
		A50000000000000000000077 /* MeetingView.swift in Sources */ = {isa = PBXBuildFile; fileRef = A4000000000000000000006C /* MeetingView.swift */; };
		A50000000000000000000078 /* InnerOSDrawer.swift in Sources */ = {isa = PBXBuildFile; fileRef = A4000000000000000000006D /* InnerOSDrawer.swift */; };
		A50000000000000000000079 /* GlobalHotKey.swift in Sources */ = {isa = PBXBuildFile; fileRef = A4000000000000000000006E /* GlobalHotKey.swift */; };
		A5000000000000000000007A /* main.swift in Sources */ = {isa = PBXBuildFile; fileRef = A4000000000000000000006F /* main.swift */; };
		A5000000000000000000007B /* CoreAudioTapCapture.swift in Sources */ = {isa = PBXBuildFile; fileRef = A40000000000000000000065 /* CoreAudioTapCapture.swift */; };
		A5000000000000000000007C /* CaptureHelperProtocol.swift in Sources */ = {isa = PBXBuildFile; fileRef = A40000000000000000000066 /* CaptureHelperProtocol.swift */; };
/* End PBXBuildFile section */

/* Begin PBXContainerItemProxy section */
		A90000000000000000000001 /* Proxy App to ControlKit */ = {isa = PBXContainerItemProxy; containerPortal = A10000000000000000000001; proxyType = 1; remoteGlobalIDString = A20000000000000000000002; remoteInfo = SpeechRailControlKit; };
		A90000000000000000000002 /* Proxy App to Agent */ = {isa = PBXContainerItemProxy; containerPortal = A10000000000000000000001; proxyType = 1; remoteGlobalIDString = A20000000000000000000004; remoteInfo = SpeechRailControlAgent; };
		A90000000000000000000003 /* Proxy AgentCore to ControlKit */ = {isa = PBXContainerItemProxy; containerPortal = A10000000000000000000001; proxyType = 1; remoteGlobalIDString = A20000000000000000000002; remoteInfo = SpeechRailControlKit; };
		A90000000000000000000004 /* Proxy Agent to AgentCore */ = {isa = PBXContainerItemProxy; containerPortal = A10000000000000000000001; proxyType = 1; remoteGlobalIDString = A20000000000000000000003; remoteInfo = SpeechRailControlAgentCore; };
		A90000000000000000000005 /* Proxy Agent to ControlKit */ = {isa = PBXContainerItemProxy; containerPortal = A10000000000000000000001; proxyType = 1; remoteGlobalIDString = A20000000000000000000002; remoteInfo = SpeechRailControlKit; };
		A90000000000000000000006 /* Proxy Tests to ControlKit */ = {isa = PBXContainerItemProxy; containerPortal = A10000000000000000000001; proxyType = 1; remoteGlobalIDString = A20000000000000000000002; remoteInfo = SpeechRailControlKit; };
		A90000000000000000000007 /* Proxy Tests to AgentCore */ = {isa = PBXContainerItemProxy; containerPortal = A10000000000000000000001; proxyType = 1; remoteGlobalIDString = A20000000000000000000003; remoteInfo = SpeechRailControlAgentCore; };
		A90000000000000000000008 /* Proxy UI Tests to App */ = {isa = PBXContainerItemProxy; containerPortal = A10000000000000000000001; proxyType = 1; remoteGlobalIDString = A20000000000000000000001; remoteInfo = SpeechRailApp; };
		A90000000000000000000009 /* Proxy App to CaptureHelper */ = {isa = PBXContainerItemProxy; containerPortal = A10000000000000000000001; proxyType = 1; remoteGlobalIDString = A20000000000000000000007; remoteInfo = SpeechRailCaptureHelper; };
/* End PBXContainerItemProxy section */

/* Begin PBXCopyFilesBuildPhase section */
		A70000000000000000000009 /* Embed Agent */ = {
			isa = PBXShellScriptBuildPhase;
			alwaysOutOfDate = 0;
			buildActionMask = 2147483647;
			files = (
			);
			inputFileListPaths = (
			);
			inputPaths = (
				"$(BUILT_PRODUCTS_DIR)/SpeechRailControlAgent",
			);
			name = "Embed SpeechRailControlAgent";
			outputFileListPaths = (
			);
			outputPaths = (
				"$(TARGET_BUILD_DIR)/$(CONTENTS_FOLDER_PATH)/Resources/SpeechRailControlAgent",
				"$(TARGET_BUILD_DIR)/$(CONTENTS_FOLDER_PATH)/Library/LaunchAgents/com.speechrail.desktop.control.plist",
			);
			runOnlyForDeploymentPostprocessing = 0;
			shellPath = /bin/sh;
			shellScript = "set -eu\nagent=\"${BUILT_PRODUCTS_DIR}/SpeechRailControlAgent\"\ndestination=\"${TARGET_BUILD_DIR}/${CONTENTS_FOLDER_PATH}/Resources/SpeechRailControlAgent\"\nplist_destination=\"${TARGET_BUILD_DIR}/${CONTENTS_FOLDER_PATH}/Library/LaunchAgents/com.speechrail.desktop.control.plist\"\nmkdir -p \"$(dirname \"$destination\")\" \"$(dirname \"$plist_destination\")\"\ninstall -m 755 \"$agent\" \"$destination\"\ninstall -m 644 \"${SRCROOT}/Resources/LaunchAgents/com.speechrail.desktop.control.plist\" \"$plist_destination\"\nif [ \"${CONFIGURATION}\" = \"Distribution\" ]; then\n  /usr/bin/plutil -remove EnvironmentVariables.SPEECHRAIL_ALLOW_UNSIGNED_XPC \"$plist_destination\"\nfi\nif [ -n \"${DEVELOPMENT_TEAM:-}\" ]; then\n  /usr/bin/plutil -insert EnvironmentVariables.SPEECHRAIL_DEVELOPMENT_TEAM -string \"${DEVELOPMENT_TEAM}\" \"$plist_destination\" 2>/dev/null || /usr/bin/plutil -replace EnvironmentVariables.SPEECHRAIL_DEVELOPMENT_TEAM -string \"${DEVELOPMENT_TEAM}\" \"$plist_destination\"\nfi\n";
		};
		A70000000000000000000017 /* Embed Frameworks */ = {
			isa = PBXCopyFilesBuildPhase;
			buildActionMask = 2147483647;
			dstPath = "";
			dstSubfolderSpec = 10;
			files = (
				A50000000000000000000027 /* SpeechRailControlKit.framework in Embed Frameworks */,
				A50000000000000000000028 /* SpeechRailControlAgentCore.framework in Embed Frameworks */,
			);
			name = Frameworks;
			runOnlyForDeploymentPostprocessing = 0;
		};
/* End PBXCopyFilesBuildPhase section */

/* Begin PBXFileReference section */
		F10000000000000000000001 /* SpeechRailControlKit.framework */ = {isa = PBXFileReference; explicitFileType = wrapper.framework; includeInIndex = 0; path = SpeechRailControlKit.framework; sourceTree = BUILT_PRODUCTS_DIR; };
		F10000000000000000000002 /* SpeechRailControlAgentCore.framework */ = {isa = PBXFileReference; explicitFileType = wrapper.framework; includeInIndex = 0; path = SpeechRailControlAgentCore.framework; sourceTree = BUILT_PRODUCTS_DIR; };
		F10000000000000000000003 /* SpeechRailControlAgent */ = {isa = PBXFileReference; explicitFileType = "compiled.mach-o.executable"; includeInIndex = 0; path = SpeechRailControlAgent; sourceTree = BUILT_PRODUCTS_DIR; };
		F10000000000000000000004 /* SpeechRail.app */ = {isa = PBXFileReference; explicitFileType = wrapper.application; includeInIndex = 0; path = SpeechRail.app; sourceTree = BUILT_PRODUCTS_DIR; };
		F10000000000000000000005 /* SpeechRailAppTests.xctest */ = {isa = PBXFileReference; explicitFileType = wrapper.cfbundle; includeInIndex = 0; path = SpeechRailAppTests.xctest; sourceTree = BUILT_PRODUCTS_DIR; };
		F10000000000000000000006 /* SpeechRailAppUITests.xctest */ = {isa = PBXFileReference; explicitFileType = wrapper.cfbundle; includeInIndex = 0; path = SpeechRailAppUITests.xctest; sourceTree = BUILT_PRODUCTS_DIR; };
		A40000000000000000000001 /* App.swift */ = {isa = PBXFileReference; lastKnownFileType = sourcecode.swift; path = App.swift; sourceTree = "<group>"; };
		A40000000000000000000002 /* AppModel.swift */ = {isa = PBXFileReference; lastKnownFileType = sourcecode.swift; path = AppModel.swift; sourceTree = "<group>"; };
		A40000000000000000000003 /* ControlAgentRegistration.swift */ = {isa = PBXFileReference; lastKnownFileType = sourcecode.swift; path = ControlAgentRegistration.swift; sourceTree = "<group>"; };
		A40000000000000000000004 /* ControlMenuView.swift */ = {isa = PBXFileReference; lastKnownFileType = sourcecode.swift; path = ControlMenuView.swift; sourceTree = "<group>"; };
		A40000000000000000000005 /* ProfilePickerView.swift */ = {isa = PBXFileReference; lastKnownFileType = sourcecode.swift; path = ProfilePickerView.swift; sourceTree = "<group>"; };
		A40000000000000000000006 /* ServiceAPIClient.swift */ = {isa = PBXFileReference; lastKnownFileType = sourcecode.swift; path = ServiceAPIClient.swift; sourceTree = "<group>"; };
		A40000000000000000000046 /* CreatorServiceClient.swift */ = {isa = PBXFileReference; lastKnownFileType = sourcecode.swift; path = CreatorServiceClient.swift; sourceTree = "<group>"; };
		A40000000000000000000047 /* AudioPlaybackController.swift */ = {isa = PBXFileReference; lastKnownFileType = sourcecode.swift; path = AudioPlaybackController.swift; sourceTree = "<group>"; };
		A40000000000000000000048 /* CreativeWorkStore.swift */ = {isa = PBXFileReference; lastKnownFileType = sourcecode.swift; path = CreativeWorkStore.swift; sourceTree = "<group>"; };
		A40000000000000000000049 /* AudioEnvelope.swift */ = {isa = PBXFileReference; lastKnownFileType = sourcecode.swift; path = AudioEnvelope.swift; sourceTree = "<group>"; };
		A40000000000000000000050 /* VoiceRecordingController.swift */ = {isa = PBXFileReference; lastKnownFileType = sourcecode.swift; path = VoiceRecordingController.swift; sourceTree = "<group>"; };
		A40000000000000000000051 /* AudioReferenceCheck.swift */ = {isa = PBXFileReference; lastKnownFileType = sourcecode.swift; path = AudioReferenceCheck.swift; sourceTree = "<group>"; };
		A40000000000000000000052 /* VoiceCloneView.swift */ = {isa = PBXFileReference; lastKnownFileType = sourcecode.swift; path = VoiceCloneView.swift; sourceTree = "<group>"; };
		A40000000000000000000053 /* DeveloperDocsContent.swift */ = {isa = PBXFileReference; lastKnownFileType = sourcecode.swift; path = DeveloperDocsContent.swift; sourceTree = "<group>"; };
		A40000000000000000000054 /* DeveloperDocsView.swift */ = {isa = PBXFileReference; lastKnownFileType = sourcecode.swift; path = DeveloperDocsView.swift; sourceTree = "<group>"; };
		A40000000000000000000055 /* SessionDomain.swift */ = {isa = PBXFileReference; lastKnownFileType = sourcecode.swift; path = SessionDomain.swift; sourceTree = "<group>"; };
		A40000000000000000000056 /* SessionStore.swift */ = {isa = PBXFileReference; lastKnownFileType = sourcecode.swift; path = SessionStore.swift; sourceTree = "<group>"; };
		A40000000000000000000057 /* SessionCoordinator.swift */ = {isa = PBXFileReference; lastKnownFileType = sourcecode.swift; path = SessionCoordinator.swift; sourceTree = "<group>"; };
		A40000000000000000000058 /* SessionSurfaceViews.swift */ = {isa = PBXFileReference; lastKnownFileType = sourcecode.swift; path = SessionSurfaceViews.swift; sourceTree = "<group>"; };
		A40000000000000000000059 /* SessionExporter.swift */ = {isa = PBXFileReference; lastKnownFileType = sourcecode.swift; path = SessionExporter.swift; sourceTree = "<group>"; };
		A40000000000000000000080 /* SessionDesignSurface.swift */ = {isa = PBXFileReference; lastKnownFileType = sourcecode.swift; path = SessionDesignSurface.swift; sourceTree = "<group>"; };
		A4000000000000000000005E /* SpeechRailAPICredentials.swift */ = {isa = PBXFileReference; lastKnownFileType = sourcecode.swift; path = SpeechRailAPICredentials.swift; sourceTree = "<group>"; };
		A4000000000000000000005D /* CaptionBandWindow.swift */ = {isa = PBXFileReference; lastKnownFileType = sourcecode.swift; path = CaptionBandWindow.swift; sourceTree = "<group>"; };
		A4000000000000000000005C /* CaptionSession.swift */ = {isa = PBXFileReference; lastKnownFileType = sourcecode.swift; path = CaptionSession.swift; sourceTree = "<group>"; };
		A40000000000000000000060 /* SpeakerLabelingView.swift */ = {isa = PBXFileReference; lastKnownFileType = sourcecode.swift; path = SpeakerLabelingView.swift; sourceTree = "<group>"; };
		A40000000000000000000061 /* LLMProvider.swift */ = {isa = PBXFileReference; lastKnownFileType = sourcecode.swift; path = LLMProvider.swift; sourceTree = "<group>"; };
		A40000000000000000000062 /* SessionPreferences.swift */ = {isa = PBXFileReference; lastKnownFileType = sourcecode.swift; path = SessionPreferences.swift; sourceTree = "<group>"; };
		A40000000000000000000063 /* AssistantSession.swift */ = {isa = PBXFileReference; lastKnownFileType = sourcecode.swift; path = AssistantSession.swift; sourceTree = "<group>"; };
		A40000000000000000000087 /* AssistantAudioSession.swift */ = {isa = PBXFileReference; lastKnownFileType = sourcecode.swift; path = AssistantAudioSession.swift; sourceTree = "<group>"; };
		A40000000000000000000088 /* AudioSampleRing.swift */ = {isa = PBXFileReference; lastKnownFileType = sourcecode.swift; path = AudioSampleRing.swift; sourceTree = "<group>"; };
		A40000000000000000000089 /* AssistantAudioPlayback.swift */ = {isa = PBXFileReference; lastKnownFileType = sourcecode.swift; path = AssistantAudioPlayback.swift; sourceTree = "<group>"; };
		A40000000000000000000064 /* AssistantView.swift */ = {isa = PBXFileReference; lastKnownFileType = sourcecode.swift; path = AssistantView.swift; sourceTree = "<group>"; };
		A4000000000000000000005F /* SpeakerLabeling.swift */ = {isa = PBXFileReference; lastKnownFileType = sourcecode.swift; path = SpeakerLabeling.swift; sourceTree = "<group>"; };
		A4000000000000000000005B /* MicrophoneCapture.swift */ = {isa = PBXFileReference; lastKnownFileType = sourcecode.swift; path = MicrophoneCapture.swift; sourceTree = "<group>"; };
		A4000000000000000000005A /* RealtimeASRClient.swift */ = {isa = PBXFileReference; lastKnownFileType = sourcecode.swift; path = RealtimeASRClient.swift; sourceTree = "<group>"; };
		A40000000000000000000007 /* ServiceStatusView.swift */ = {isa = PBXFileReference; lastKnownFileType = sourcecode.swift; path = ServiceStatusView.swift; sourceTree = "<group>"; };
		A40000000000000000000008 /* SettingsView.swift */ = {isa = PBXFileReference; lastKnownFileType = sourcecode.swift; path = SettingsView.swift; sourceTree = "<group>"; };
		A40000000000000000000028 /* SpeechRailDesignTokens.swift */ = {isa = PBXFileReference; lastKnownFileType = sourcecode.swift; path = SpeechRailDesignTokens.swift; sourceTree = "<group>"; };
		A40000000000000000000029 /* AppNavigationState.swift */ = {isa = PBXFileReference; lastKnownFileType = sourcecode.swift; path = AppNavigationState.swift; sourceTree = "<group>"; };
		A40000000000000000000086 /* WindowLayoutPolicy.swift */ = {isa = PBXFileReference; lastKnownFileType = sourcecode.swift; path = WindowLayoutPolicy.swift; sourceTree = "<group>"; };
		A40000000000000000000030 /* AppRoute.swift */ = {isa = PBXFileReference; lastKnownFileType = sourcecode.swift; path = AppRoute.swift; sourceTree = "<group>"; };
		A40000000000000000000031 /* ControlCenterView.swift */ = {isa = PBXFileReference; lastKnownFileType = sourcecode.swift; path = ControlCenterView.swift; sourceTree = "<group>"; };
		A40000000000000000000032 /* CreatorSurfaceViews.swift */ = {isa = PBXFileReference; lastKnownFileType = sourcecode.swift; path = CreatorSurfaceViews.swift; sourceTree = "<group>"; };
		A40000000000000000000033 /* ServiceRoutePreviewView.swift */ = {isa = PBXFileReference; lastKnownFileType = sourcecode.swift; path = ServiceRoutePreviewView.swift; sourceTree = "<group>"; };
		A40000000000000000000034 /* SurfaceHeaderView.swift */ = {isa = PBXFileReference; lastKnownFileType = sourcecode.swift; path = SurfaceHeaderView.swift; sourceTree = "<group>"; };
		A40000000000000000000035 /* ServiceDiagnosticsTypes.swift */ = {isa = PBXFileReference; lastKnownFileType = sourcecode.swift; path = ServiceDiagnosticsTypes.swift; sourceTree = "<group>"; };
		A40000000000000000000036 /* RuntimeMetricsSampler.swift */ = {isa = PBXFileReference; lastKnownFileType = sourcecode.swift; path = RuntimeMetricsSampler.swift; sourceTree = "<group>"; };
		A40000000000000000000037 /* ServiceOverviewView.swift */ = {isa = PBXFileReference; lastKnownFileType = sourcecode.swift; path = ServiceOverviewView.swift; sourceTree = "<group>"; };
		A40000000000000000000038 /* RuntimeMonitoringView.swift */ = {isa = PBXFileReference; lastKnownFileType = sourcecode.swift; path = RuntimeMonitoringView.swift; sourceTree = "<group>"; };
		A40000000000000000000039 /* ModelManagementView.swift */ = {isa = PBXFileReference; lastKnownFileType = sourcecode.swift; path = ModelManagementView.swift; sourceTree = "<group>"; };
		A40000000000000000000040 /* PreflightDiagnosticsView.swift */ = {isa = PBXFileReference; lastKnownFileType = sourcecode.swift; path = PreflightDiagnosticsView.swift; sourceTree = "<group>"; };
		A40000000000000000000041 /* OperationJournal.swift */ = {isa = PBXFileReference; lastKnownFileType = sourcecode.swift; path = OperationJournal.swift; sourceTree = "<group>"; };
		A40000000000000000000042 /* ControlAgentRegistrationTests.swift */ = {isa = PBXFileReference; lastKnownFileType = sourcecode.swift; path = ControlAgentRegistrationTests.swift; sourceTree = "<group>"; };
		A4000000000000000000007A /* LLMProviderTests.swift */ = {isa = PBXFileReference; lastKnownFileType = sourcecode.swift; path = LLMProviderTests.swift; sourceTree = "<group>"; };
		A4000000000000000000007B /* VoicePrompt.swift */ = {isa = PBXFileReference; lastKnownFileType = sourcecode.swift; path = VoicePrompt.swift; sourceTree = "<group>"; };
		A4000000000000000000007C /* VoicePromptTests.swift */ = {isa = PBXFileReference; lastKnownFileType = sourcecode.swift; path = VoicePromptTests.swift; sourceTree = "<group>"; };
		A4000000000000000000008A /* AudioSampleRingTests.swift */ = {isa = PBXFileReference; lastKnownFileType = sourcecode.swift; path = AudioSampleRingTests.swift; sourceTree = "<group>"; };
		A40000000000000000000043 /* ControlAgentStatusView.swift */ = {isa = PBXFileReference; lastKnownFileType = sourcecode.swift; path = ControlAgentStatusView.swift; sourceTree = "<group>"; };
		A40000000000000000000044 /* RuntimeMonitoringAccessibility.swift */ = {isa = PBXFileReference; lastKnownFileType = sourcecode.swift; path = RuntimeMonitoringAccessibility.swift; sourceTree = "<group>"; };
		A40000000000000000000045 /* WorkspaceComponents.swift */ = {isa = PBXFileReference; lastKnownFileType = sourcecode.swift; path = WorkspaceComponents.swift; sourceTree = "<group>"; };
		A40000000000000000000009 /* ControlTypes.swift */ = {isa = PBXFileReference; lastKnownFileType = sourcecode.swift; path = ControlTypes.swift; sourceTree = "<group>"; };
		A40000000000000000000010 /* XPCControlTransport.swift */ = {isa = PBXFileReference; lastKnownFileType = sourcecode.swift; path = XPCControlTransport.swift; sourceTree = "<group>"; };
		A40000000000000000000026 /* ControlTransport.swift */ = {isa = PBXFileReference; lastKnownFileType = sourcecode.swift; path = ControlTransport.swift; sourceTree = "<group>"; };
		A40000000000000000000092 /* ServiceContractTypes.swift */ = {isa = PBXFileReference; lastKnownFileType = sourcecode.swift; path = ServiceContractTypes.swift; sourceTree = "<group>"; };
		A40000000000000000000093 /* ServiceHTTPTransport.swift */ = {isa = PBXFileReference; lastKnownFileType = sourcecode.swift; path = ServiceHTTPTransport.swift; sourceTree = "<group>"; };
		A40000000000000000000095 /* RealtimeContractTypes.swift */ = {isa = PBXFileReference; lastKnownFileType = sourcecode.swift; path = RealtimeContractTypes.swift; sourceTree = "<group>"; };
		A40000000000000000000011 /* AgentCommandRunner.swift */ = {isa = PBXFileReference; lastKnownFileType = sourcecode.swift; path = AgentCommandRunner.swift; sourceTree = "<group>"; };
		A40000000000000000000012 /* AgentOperationStore.swift */ = {isa = PBXFileReference; lastKnownFileType = sourcecode.swift; path = AgentOperationStore.swift; sourceTree = "<group>"; };
		A40000000000000000000013 /* XPCControlService.swift */ = {isa = PBXFileReference; lastKnownFileType = sourcecode.swift; path = XPCControlService.swift; sourceTree = "<group>"; };
		A40000000000000000000014 /* XPCPeerPolicy.swift */ = {isa = PBXFileReference; lastKnownFileType = sourcecode.swift; path = XPCPeerPolicy.swift; sourceTree = "<group>"; };
		A40000000000000000000015 /* main.swift */ = {isa = PBXFileReference; lastKnownFileType = sourcecode.swift; path = main.swift; sourceTree = "<group>"; };
		A40000000000000000000016 /* ControlKitTests.swift */ = {isa = PBXFileReference; lastKnownFileType = sourcecode.swift; path = ControlKitTests.swift; sourceTree = "<group>"; };
		A40000000000000000000017 /* AgentCoreTests.swift */ = {isa = PBXFileReference; lastKnownFileType = sourcecode.swift; path = AgentCoreTests.swift; sourceTree = "<group>"; };
		A40000000000000000000094 /* ServiceContractTests.swift */ = {isa = PBXFileReference; lastKnownFileType = sourcecode.swift; path = ServiceContractTests.swift; sourceTree = "<group>"; };
		A40000000000000000000096 /* RealtimeContractTests.swift */ = {isa = PBXFileReference; lastKnownFileType = sourcecode.swift; path = RealtimeContractTests.swift; sourceTree = "<group>"; };
		A40000000000000000000018 /* SpeechRailAppUITests.swift */ = {isa = PBXFileReference; lastKnownFileType = sourcecode.swift; path = SpeechRailAppUITests.swift; sourceTree = "<group>"; };
		A40000000000000000000019 /* Debug.xcconfig */ = {isa = PBXFileReference; lastKnownFileType = text.xcconfig; path = Debug.xcconfig; sourceTree = "<group>"; };
		A40000000000000000000020 /* Release.xcconfig */ = {isa = PBXFileReference; lastKnownFileType = text.xcconfig; path = Release.xcconfig; sourceTree = "<group>"; };
		A40000000000000000000021 /* Distribution.xcconfig */ = {isa = PBXFileReference; lastKnownFileType = text.xcconfig; path = Distribution.xcconfig; sourceTree = "<group>"; };
		A40000000000000000000022 /* SpeechRailApp.entitlements */ = {isa = PBXFileReference; lastKnownFileType = text.plist.entitlements; path = SpeechRailApp.entitlements; sourceTree = "<group>"; };
		A40000000000000000000023 /* com.speechrail.desktop.control.plist */ = {isa = PBXFileReference; lastKnownFileType = text.plist.xml; path = com.speechrail.desktop.control.plist; sourceTree = "<group>"; };
		A40000000000000000000024 /* SpeechRailApp.xctestplan */ = {isa = PBXFileReference; lastKnownFileType = text.xctestplan; path = SpeechRailApp.xctestplan; sourceTree = "<group>"; };
		A40000000000000000000025 /* SpeechRailMacControl-Package.swift */ = {isa = PBXFileReference; lastKnownFileType = sourcecode.swift; path = Package.swift; sourceTree = "<group>"; };
		A40000000000000000000027 /* Assets.xcassets */ = {isa = PBXFileReference; lastKnownFileType = folder.assetcatalog; path = Assets.xcassets; sourceTree = "<group>"; };
		A40000000000000000000065 /* CoreAudioTapCapture.swift */ = {isa = PBXFileReference; lastKnownFileType = sourcecode.swift; path = CoreAudioTapCapture.swift; sourceTree = "<group>"; };
		A40000000000000000000066 /* CaptureHelperProtocol.swift */ = {isa = PBXFileReference; lastKnownFileType = sourcecode.swift; path = CaptureHelperProtocol.swift; sourceTree = "<group>"; };
		A40000000000000000000067 /* CaptureHelperClient.swift */ = {isa = PBXFileReference; lastKnownFileType = sourcecode.swift; path = CaptureHelperClient.swift; sourceTree = "<group>"; };
		A40000000000000000000068 /* AudioSourceCoordinator.swift */ = {isa = PBXFileReference; lastKnownFileType = sourcecode.swift; path = AudioSourceCoordinator.swift; sourceTree = "<group>"; };
		A40000000000000000000069 /* MeetingSession.swift */ = {isa = PBXFileReference; lastKnownFileType = sourcecode.swift; path = MeetingSession.swift; sourceTree = "<group>"; };
		A4000000000000000000006A /* MinutesGenerator.swift */ = {isa = PBXFileReference; lastKnownFileType = sourcecode.swift; path = MinutesGenerator.swift; sourceTree = "<group>"; };
		A4000000000000000000006B /* InnerOSSession.swift */ = {isa = PBXFileReference; lastKnownFileType = sourcecode.swift; path = InnerOSSession.swift; sourceTree = "<group>"; };
		A4000000000000000000006C /* MeetingView.swift */ = {isa = PBXFileReference; lastKnownFileType = sourcecode.swift; path = MeetingView.swift; sourceTree = "<group>"; };
		A4000000000000000000006D /* InnerOSDrawer.swift */ = {isa = PBXFileReference; lastKnownFileType = sourcecode.swift; path = InnerOSDrawer.swift; sourceTree = "<group>"; };
		A4000000000000000000006E /* GlobalHotKey.swift */ = {isa = PBXFileReference; lastKnownFileType = sourcecode.swift; path = GlobalHotKey.swift; sourceTree = "<group>"; };
		A4000000000000000000006F /* main.swift */ = {isa = PBXFileReference; lastKnownFileType = sourcecode.swift; path = main.swift; sourceTree = "<group>"; };
		F10000000000000000000007 /* SpeechRailCaptureHelper */ = {isa = PBXFileReference; explicitFileType = "compiled.mach-o.executable"; includeInIndex = 0; path = SpeechRailCaptureHelper; sourceTree = BUILT_PRODUCTS_DIR; };
/* End PBXFileReference section */

/* Begin PBXFrameworksBuildPhase section */
		A70000000000000000000002 /* ControlKit Frameworks */ = {isa = PBXFrameworksBuildPhase; buildActionMask = 2147483647; files = (); runOnlyForDeploymentPostprocessing = 0; };
		A70000000000000000000004 /* AgentCore Frameworks */ = {isa = PBXFrameworksBuildPhase; buildActionMask = 2147483647; files = (A50000000000000000000012 /* SpeechRailControlKit.framework in AgentCore Frameworks */,); runOnlyForDeploymentPostprocessing = 0; };
		A70000000000000000000006 /* Agent Frameworks */ = {isa = PBXFrameworksBuildPhase; buildActionMask = 2147483647; files = (A50000000000000000000017 /* SpeechRailControlAgentCore.framework in Agent Frameworks */, A50000000000000000000018 /* SpeechRailControlKit.framework in Agent Frameworks */,); runOnlyForDeploymentPostprocessing = 0; };
		A70000000000000000000008 /* App Frameworks */ = {isa = PBXFrameworksBuildPhase; buildActionMask = 2147483647; files = (A50000000000000000000009 /* SpeechRailControlKit.framework in Frameworks */,); runOnlyForDeploymentPostprocessing = 0; };
		A70000000000000000000011 /* Unit Test Frameworks */ = {isa = PBXFrameworksBuildPhase; buildActionMask = 2147483647; files = (A50000000000000000000020 /* SpeechRailControlKit.framework in Tests Frameworks */, A50000000000000000000021 /* SpeechRailControlAgentCore.framework in Tests Frameworks */,); runOnlyForDeploymentPostprocessing = 0; };
		A70000000000000000000013 /* UI Test Frameworks */ = {isa = PBXFrameworksBuildPhase; buildActionMask = 2147483647; files = (); runOnlyForDeploymentPostprocessing = 0; };
/* End PBXFrameworksBuildPhase section */

/* Begin PBXGroup section */
		A30000000000000000000001 = {isa = PBXGroup; children = (A30000000000000000000002, A30000000000000000000003, A30000000000000000000004, A30000000000000000000005, A30000000000000000000006, A30000000000000000000007, A30000000000000000000008, A30000000000000000000009, A30000000000000000000010, A40000000000000000000024 /* SpeechRailApp.xctestplan */, A40000000000000000000025 /* Package.swift */, A31000000000000000000001 /* SpeechRailCaptureHelper */, A30000000000000000000011 /* Products */,); sourceTree = "<group>"; };
		A30000000000000000000002 /* SpeechRailApp */ = {isa = PBXGroup; children = (A40000000000000000000001, A40000000000000000000002, A40000000000000000000003, A40000000000000000000004, A40000000000000000000005, A40000000000000000000006, A40000000000000000000046 /* CreatorServiceClient.swift */, A40000000000000000000047 /* AudioPlaybackController.swift */, A40000000000000000000048 /* CreativeWorkStore.swift */, A40000000000000000000049 /* AudioEnvelope.swift */, A40000000000000000000050 /* VoiceRecordingController.swift */, A40000000000000000000051 /* AudioReferenceCheck.swift */, A40000000000000000000052 /* VoiceCloneView.swift */, A40000000000000000000053 /* DeveloperDocsContent.swift */, A40000000000000000000054 /* DeveloperDocsView.swift */, A40000000000000000000055 /* SessionDomain.swift */, A40000000000000000000056 /* SessionStore.swift */, A40000000000000000000057 /* SessionCoordinator.swift */, A40000000000000000000058 /* SessionSurfaceViews.swift */, A40000000000000000000059 /* SessionExporter.swift */, A40000000000000000000080 /* SessionDesignSurface.swift */, A4000000000000000000005E /* SpeechRailAPICredentials.swift */, A4000000000000000000005D /* CaptionBandWindow.swift */, A4000000000000000000005C /* CaptionSession.swift */, A40000000000000000000060 /* SpeakerLabelingView.swift */, A40000000000000000000061 /* LLMProvider.swift */, A4000000000000000000007B /* VoicePrompt.swift */, A40000000000000000000062 /* SessionPreferences.swift */, A40000000000000000000063 /* AssistantSession.swift */, A40000000000000000000087 /* AssistantAudioSession.swift */, A40000000000000000000089 /* AssistantAudioPlayback.swift */, A40000000000000000000088 /* AudioSampleRing.swift */, A40000000000000000000064 /* AssistantView.swift */, A4000000000000000000005F /* SpeakerLabeling.swift */, A4000000000000000000005B /* MicrophoneCapture.swift */, A4000000000000000000005A /* RealtimeASRClient.swift */, A40000000000000000000007, A40000000000000000000008, A40000000000000000000028 /* SpeechRailDesignTokens.swift */, A40000000000000000000029 /* AppNavigationState.swift */, A40000000000000000000086 /* WindowLayoutPolicy.swift */, A40000000000000000000030 /* AppRoute.swift */, A40000000000000000000031 /* ControlCenterView.swift */, A40000000000000000000032 /* CreatorSurfaceViews.swift */, A40000000000000000000033 /* ServiceRoutePreviewView.swift */, A40000000000000000000034 /* SurfaceHeaderView.swift */, A40000000000000000000036 /* RuntimeMetricsSampler.swift */, A40000000000000000000037 /* ServiceOverviewView.swift */, A40000000000000000000038 /* RuntimeMonitoringView.swift */, A40000000000000000000039 /* ModelManagementView.swift */, A40000000000000000000040 /* PreflightDiagnosticsView.swift */, A40000000000000000000043 /* ControlAgentStatusView.swift */, A40000000000000000000044 /* RuntimeMonitoringAccessibility.swift */, A40000000000000000000045 /* WorkspaceComponents.swift */, A40000000000000000000065 /* CoreAudioTapCapture.swift */, A40000000000000000000066 /* CaptureHelperProtocol.swift */, A40000000000000000000067 /* CaptureHelperClient.swift */, A40000000000000000000068 /* AudioSourceCoordinator.swift */, A40000000000000000000069 /* MeetingSession.swift */, A4000000000000000000006A /* MinutesGenerator.swift */, A4000000000000000000006B /* InnerOSSession.swift */, A4000000000000000000006C /* MeetingView.swift */, A4000000000000000000006D /* InnerOSDrawer.swift */, A4000000000000000000006E /* GlobalHotKey.swift */, A40000000000000000000027 /* Assets.xcassets */,); path = SpeechRailApp; sourceTree = "<group>"; };
		A30000000000000000000003 /* SpeechRailControlKit */ = {isa = PBXGroup; children = (A40000000000000000000009, A40000000000000000000010, A40000000000000000000026, A40000000000000000000035 /* ServiceDiagnosticsTypes.swift */, A40000000000000000000092 /* ServiceContractTypes.swift */, A40000000000000000000093 /* ServiceHTTPTransport.swift */, A40000000000000000000095 /* RealtimeContractTypes.swift */,); path = SpeechRailControlKit; sourceTree = "<group>"; };
		A30000000000000000000004 /* SpeechRailControlAgentCore */ = {isa = PBXGroup; children = (A40000000000000000000011, A40000000000000000000012, A40000000000000000000041 /* OperationJournal.swift */, A40000000000000000000013, A40000000000000000000014,); path = SpeechRailControlAgentCore; sourceTree = "<group>"; };
		A30000000000000000000005 /* SpeechRailControlAgent */ = {isa = PBXGroup; children = (A40000000000000000000015,); path = SpeechRailControlAgent; sourceTree = "<group>"; };
		A30000000000000000000006 /* SpeechRailMacControlTests */ = {isa = PBXGroup; children = (A40000000000000000000016, A40000000000000000000017, A40000000000000000000042 /* ControlAgentRegistrationTests.swift */, A4000000000000000000007A /* LLMProviderTests.swift */, A4000000000000000000007C /* VoicePromptTests.swift */, A4000000000000000000008A /* AudioSampleRingTests.swift */, A40000000000000000000094 /* ServiceContractTests.swift */, A40000000000000000000096 /* RealtimeContractTests.swift */,); path = SpeechRailMacControlTests; sourceTree = "<group>"; };
		A30000000000000000000007 /* SpeechRailAppUITests */ = {isa = PBXGroup; children = (A40000000000000000000018,); path = SpeechRailAppUITests; sourceTree = "<group>"; };
		A30000000000000000000008 /* Config */ = {isa = PBXGroup; children = (A40000000000000000000019, A40000000000000000000020, A40000000000000000000021,); path = Config; sourceTree = "<group>"; };
		A30000000000000000000009 /* Entitlements */ = {isa = PBXGroup; children = (A40000000000000000000022,); path = Entitlements; sourceTree = "<group>"; };
		A30000000000000000000010 /* Resources */ = {isa = PBXGroup; children = (A30000000000000000000023,); path = Resources/LaunchAgents; sourceTree = "<group>"; };
		A30000000000000000000011 /* Products */ = {isa = PBXGroup; children = (F10000000000000000000004 /* SpeechRail.app */, F10000000000000000000001 /* SpeechRailControlKit.framework */, F10000000000000000000002 /* SpeechRailControlAgentCore.framework */, F10000000000000000000003 /* SpeechRailControlAgent */, F10000000000000000000005 /* SpeechRailAppTests.xctest */, F10000000000000000000006 /* SpeechRailAppUITests.xctest */,F10000000000000000000007 /* SpeechRailCaptureHelper */, ); name = Products; sourceTree = "<group>"; };
		A31000000000000000000001 /* SpeechRailCaptureHelper */ = {isa = PBXGroup; children = (A4000000000000000000006F /* main.swift */,); path = SpeechRailCaptureHelper; sourceTree = "<group>"; };
/* End PBXGroup section */

/* Begin PBXNativeTarget section */
		A20000000000000000000001 /* SpeechRailApp */ = {isa = PBXNativeTarget; buildConfigurationList = A60000000000000000000001; buildPhases = (A70000000000000000000001, A70000000000000000000008, A70000000000000000000010, A70000000000000000000009, A70000000000000000000017, A70000000000000000000018, A7000000000000000000001A); buildRules = (); dependencies = (A80000000000000000000001, A80000000000000000000002, A80000000000000000000009); name = SpeechRailApp; productName = SpeechRail; productReference = F10000000000000000000004 /* SpeechRail.app */; productType = "com.apple.product-type.application"; };
		A20000000000000000000002 /* SpeechRailControlKit */ = {isa = PBXNativeTarget; buildConfigurationList = A60000000000000000000002; buildPhases = (A70000000000000000000003, A70000000000000000000002); buildRules = (); dependencies = (); name = SpeechRailControlKit; productName = SpeechRailControlKit; productReference = F10000000000000000000001 /* SpeechRailControlKit.framework */; productType = "com.apple.product-type.framework"; };
		A20000000000000000000003 /* SpeechRailControlAgentCore */ = {isa = PBXNativeTarget; buildConfigurationList = A60000000000000000000003; buildPhases = (A70000000000000000000005, A70000000000000000000004); buildRules = (); dependencies = (A80000000000000000000003); name = SpeechRailControlAgentCore; productName = SpeechRailControlAgentCore; productReference = F10000000000000000000002 /* SpeechRailControlAgentCore.framework */; productType = "com.apple.product-type.framework"; };
		A20000000000000000000004 /* SpeechRailControlAgent */ = {isa = PBXNativeTarget; buildConfigurationList = A60000000000000000000004; buildPhases = (A70000000000000000000007, A70000000000000000000006); buildRules = (); dependencies = (A80000000000000000000004, A80000000000000000000005); name = SpeechRailControlAgent; productName = SpeechRailControlAgent; productReference = F10000000000000000000003 /* SpeechRailControlAgent */; productType = "com.apple.product-type.tool"; };
		A20000000000000000000005 /* SpeechRailAppTests */ = {isa = PBXNativeTarget; buildConfigurationList = A60000000000000000000005; buildPhases = (A70000000000000000000012, A70000000000000000000011, A70000000000000000000014); buildRules = (); dependencies = (A80000000000000000000006, A80000000000000000000007); name = SpeechRailAppTests; productName = SpeechRailAppTests; productReference = F10000000000000000000005 /* SpeechRailAppTests.xctest */; productType = "com.apple.product-type.bundle.unit-test"; };
		A20000000000000000000006 /* SpeechRailAppUITests */ = {isa = PBXNativeTarget; buildConfigurationList = A60000000000000000000006; buildPhases = (A70000000000000000000015, A70000000000000000000013, A70000000000000000000016); buildRules = (); dependencies = (A80000000000000000000008); name = SpeechRailAppUITests; productName = SpeechRailAppUITests; productReference = F10000000000000000000006 /* SpeechRailAppUITests.xctest */; productType = "com.apple.product-type.bundle.ui-testing"; };
		A20000000000000000000007 /* SpeechRailCaptureHelper */ = {isa = PBXNativeTarget; buildConfigurationList = A60000000000000000000008; buildPhases = (A70000000000000000000019,); buildRules = (); dependencies = (); name = SpeechRailCaptureHelper; productName = SpeechRailCaptureHelper; productReference = F10000000000000000000007 /* SpeechRailCaptureHelper */; productType = "com.apple.product-type.tool"; };
/* End PBXNativeTarget section */

/* Begin PBXProject section */
		A10000000000000000000001 /* Project object */ = {
			isa = PBXProject;
			attributes = {
				BuildIndependentTargetsInParallel = 1;
				LastUpgradeCheck = 2660;
				TargetAttributes = {
					A20000000000000000000001 = { CreatedOnToolsVersion = 26.6; };
					A20000000000000000000002 = { CreatedOnToolsVersion = 26.6; };
					A20000000000000000000003 = { CreatedOnToolsVersion = 26.6; };
					A20000000000000000000004 = { CreatedOnToolsVersion = 26.6; };
					A20000000000000000000005 = { CreatedOnToolsVersion = 26.6; };
					A20000000000000000000006 = { CreatedOnToolsVersion = 26.6; TestTargetID = A20000000000000000000001; };
				};
			};
			buildConfigurationList = A60000000000000000000007;
			compatibilityVersion = "Xcode 16.0";
			developmentRegion = en;
			hasScannedForEncodings = 0;
			knownRegions = (en, Base,);
			mainGroup = A30000000000000000000001;
			productRefGroup = A30000000000000000000011 /* Products */;
			projectDirPath = "";
			projectRoot = "";
			targets = (A20000000000000000000001, A20000000000000000000002, A20000000000000000000003, A20000000000000000000004, A20000000000000000000005, A20000000000000000000006, A20000000000000000000007,);
		};
/* End PBXProject section */

/* Begin PBXResourcesBuildPhase section */
		A70000000000000000000010 /* App Resources */ = {isa = PBXResourcesBuildPhase; buildActionMask = 2147483647; files = (A50000000000000000000029 /* Assets.xcassets in Resources */,); runOnlyForDeploymentPostprocessing = 0; };
		A70000000000000000000014 /* Unit Test Resources */ = {isa = PBXResourcesBuildPhase; buildActionMask = 2147483647; files = (); runOnlyForDeploymentPostprocessing = 0; };
		A70000000000000000000016 /* UI Test Resources */ = {isa = PBXResourcesBuildPhase; buildActionMask = 2147483647; files = (); runOnlyForDeploymentPostprocessing = 0; };
/* End PBXResourcesBuildPhase section */

/* Begin PBXShellScriptBuildPhase section */
		A70000000000000000000018 /* Embed local XPC service */ = {
			isa = PBXShellScriptBuildPhase;
			alwaysOutOfDate = 0;
			buildActionMask = 2147483647;
			files = (
			);
			inputFileListPaths = (
			);
			inputPaths = (
				"$(BUILT_PRODUCTS_DIR)/SpeechRailControlAgent",
				"$(SRCROOT)/Resources/XPCServices/com.speechrail.desktop.local-control.xpc/Contents/Info.plist",
			);
			name = "Embed local XPC service";
			outputFileListPaths = (
			);
			outputPaths = (
				"$(TARGET_BUILD_DIR)/$(CONTENTS_FOLDER_PATH)/XPCServices/com.speechrail.desktop.local-control.xpc/Contents/MacOS/SpeechRailControlAgent",
				"$(TARGET_BUILD_DIR)/$(CONTENTS_FOLDER_PATH)/XPCServices/com.speechrail.desktop.local-control.xpc/Contents/Info.plist",
			);
			runOnlyForDeploymentPostprocessing = 0;
			shellPath = /bin/sh;
			shellScript = "set -eu\nsource_xpc=\"${SRCROOT}/Resources/XPCServices/com.speechrail.desktop.local-control.xpc\"\ndestination_xpc=\"${TARGET_BUILD_DIR}/${CONTENTS_FOLDER_PATH}/XPCServices/com.speechrail.desktop.local-control.xpc\"\nrm -rf \"$destination_xpc\"\nif [ \"${CONFIGURATION}\" != \"Distribution\" ]; then\n  mkdir -p \"$destination_xpc/Contents/MacOS\"\n  install -m 755 \"${BUILT_PRODUCTS_DIR}/SpeechRailControlAgent\" \"$destination_xpc/Contents/MacOS/SpeechRailControlAgent\"\n  install -m 644 \"$source_xpc/Contents/Info.plist\" \"$destination_xpc/Contents/Info.plist\"\n  if [ \"${CODE_SIGNING_ALLOWED:-NO}\" = \"YES\" ]; then\n    /usr/bin/codesign --force --sign \"${EXPANDED_CODE_SIGN_IDENTITY:--}\" --timestamp=none \"$destination_xpc\"\n  fi\nfi\n";
		};
		A7000000000000000000001A /* Embed capture helper */ = {
			isa = PBXShellScriptBuildPhase;
			alwaysOutOfDate = 0;
			buildActionMask = 2147483647;
			files = (
			);
			inputFileListPaths = (
			);
			inputPaths = (
				"$(BUILT_PRODUCTS_DIR)/SpeechRailCaptureHelper",
				"$(SRCROOT)/Resources/XPCServices/com.speechrail.desktop.capture-helper.xpc/Contents/Info.plist",
			);
			name = "Embed capture helper";
			outputFileListPaths = (
			);
			outputPaths = (
				"$(TARGET_BUILD_DIR)/$(CONTENTS_FOLDER_PATH)/XPCServices/com.speechrail.desktop.capture-helper.xpc/Contents/MacOS/SpeechRailCaptureHelper",
				"$(TARGET_BUILD_DIR)/$(CONTENTS_FOLDER_PATH)/XPCServices/com.speechrail.desktop.capture-helper.xpc/Contents/Info.plist",
			);
			runOnlyForDeploymentPostprocessing = 0;
			shellPath = /bin/sh;
			shellScript = "set -eu\nhelper=\"${BUILT_PRODUCTS_DIR}/SpeechRailCaptureHelper\"\nbundle=\"${TARGET_BUILD_DIR}/${CONTENTS_FOLDER_PATH}/XPCServices/com.speechrail.desktop.capture-helper.xpc\"\nrm -rf \"$bundle\"\nmkdir -p \"$bundle/Contents/MacOS\"\ninstall -m 755 \"$helper\" \"$bundle/Contents/MacOS/SpeechRailCaptureHelper\"\ninstall -m 644 \"${SRCROOT}/Resources/XPCServices/com.speechrail.desktop.capture-helper.xpc/Contents/Info.plist\" \"$bundle/Contents/Info.plist\"\nif [ \"${CODE_SIGNING_ALLOWED:-NO}\" = \"YES\" ]; then\n  /usr/bin/codesign --force --sign \"${EXPANDED_CODE_SIGN_IDENTITY:--}\" --timestamp=none \"$bundle\"\nfi\n";
		};
/* End PBXShellScriptBuildPhase section */

/* Begin PBXSourcesBuildPhase section */
		A70000000000000000000001 /* App Sources */ = {isa = PBXSourcesBuildPhase; buildActionMask = 2147483647; files = (A50000000000000000000001 /* App.swift in Sources */, A50000000000000000000002 /* AppModel.swift in Sources */, A50000000000000000000003 /* ControlAgentRegistration.swift in Sources */, A50000000000000000000004 /* ControlMenuView.swift in Sources */, A50000000000000000000005 /* ProfilePickerView.swift in Sources */, A50000000000000000000006 /* ServiceAPIClient.swift in Sources */, A50000000000000000000051 /* CreatorServiceClient.swift in Sources */, A50000000000000000000052 /* AudioPlaybackController.swift in Sources */, A50000000000000000000053 /* CreativeWorkStore.swift in Sources */, A50000000000000000000054 /* AudioEnvelope.swift in Sources */, A50000000000000000000055 /* VoiceRecordingController.swift in Sources */, A50000000000000000000056 /* AudioReferenceCheck.swift in Sources */, A50000000000000000000057 /* VoiceCloneView.swift in Sources */, A50000000000000000000058 /* DeveloperDocsContent.swift in Sources */, A50000000000000000000059 /* DeveloperDocsView.swift in Sources */, A50000000000000000000060 /* SessionDomain.swift in Sources */, A50000000000000000000061 /* SessionStore.swift in Sources */, A50000000000000000000062 /* SessionCoordinator.swift in Sources */, A50000000000000000000063 /* SessionSurfaceViews.swift in Sources */, A50000000000000000000064 /* SessionExporter.swift in Sources */, A50000000000000000000080 /* SessionDesignSurface.swift in Sources */, A50000000000000000000069 /* SpeechRailAPICredentials.swift in Sources */, A50000000000000000000068 /* CaptionBandWindow.swift in Sources */, A50000000000000000000067 /* CaptionSession.swift in Sources */, A5000000000000000000006B /* SpeakerLabelingView.swift in Sources */, A5000000000000000000006C /* LLMProvider.swift in Sources */, A50000000000000000000083 /* VoicePrompt.swift in Sources */, A5000000000000000000006D /* SessionPreferences.swift in Sources */, A5000000000000000000006E /* AssistantSession.swift in Sources */, A50000000000000000000087 /* AssistantAudioSession.swift in Sources */, A50000000000000000000088 /* AssistantAudioPlayback.swift in Sources */, A50000000000000000000089 /* AudioSampleRing.swift in Sources */, A5000000000000000000006F /* AssistantView.swift in Sources */, A5000000000000000000006A /* SpeakerLabeling.swift in Sources */, A50000000000000000000066 /* MicrophoneCapture.swift in Sources */, A50000000000000000000065 /* RealtimeASRClient.swift in Sources */, A50000000000000000000007 /* ServiceStatusView.swift in Sources */, A50000000000000000000008 /* SettingsView.swift in Sources */, A50000000000000000000030 /* SpeechRailDesignTokens.swift in Sources */, A50000000000000000000031 /* AppNavigationState.swift in Sources */, A50000000000000000000086 /* WindowLayoutPolicy.swift in Sources */, A50000000000000000000032 /* AppRoute.swift in Sources */, A50000000000000000000033 /* ControlCenterView.swift in Sources */, A50000000000000000000034 /* CreatorSurfaceViews.swift in Sources */, A50000000000000000000035 /* ServiceRoutePreviewView.swift in Sources */, A50000000000000000000036 /* SurfaceHeaderView.swift in Sources */, A50000000000000000000038 /* RuntimeMetricsSampler.swift in Sources */, A50000000000000000000039 /* ServiceOverviewView.swift in Sources */, A50000000000000000000040 /* RuntimeMonitoringView.swift in Sources */, A50000000000000000000041 /* ModelManagementView.swift in Sources */, A50000000000000000000042 /* PreflightDiagnosticsView.swift in Sources */, A50000000000000000000046 /* ControlAgentStatusView.swift in Sources */, A50000000000000000000047 /* RuntimeMonitoringAccessibility.swift in Sources */, A50000000000000000000070 /* CoreAudioTapCapture.swift in Sources */, A50000000000000000000071 /* CaptureHelperProtocol.swift in Sources */, A50000000000000000000072 /* CaptureHelperClient.swift in Sources */, A50000000000000000000073 /* AudioSourceCoordinator.swift in Sources */, A50000000000000000000074 /* MeetingSession.swift in Sources */, A50000000000000000000075 /* MinutesGenerator.swift in Sources */, A50000000000000000000076 /* InnerOSSession.swift in Sources */, A50000000000000000000077 /* MeetingView.swift in Sources */, A50000000000000000000078 /* MeetingView.swift in Sources */, A50000000000000000000079 /* GlobalHotKey.swift in Sources */, A50000000000000000000049 /* WorkspaceComponents.swift in Sources */,); runOnlyForDeploymentPostprocessing = 0; };
		A70000000000000000000003 /* ControlKit Sources */ = {isa = PBXSourcesBuildPhase; buildActionMask = 2147483647; files = (A50000000000000000000010 /* ControlTypes.swift in Sources */, A50000000000000000000011 /* XPCControlTransport.swift in Sources */, A50000000000000000000026 /* ControlTransport.swift in Sources */, A50000000000000000000037 /* ServiceDiagnosticsTypes.swift in Sources */, A50000000000000000000092 /* ServiceContractTypes.swift in Sources */, A50000000000000000000093 /* ServiceHTTPTransport.swift in Sources */, A50000000000000000000095 /* RealtimeContractTypes.swift in Sources */,); runOnlyForDeploymentPostprocessing = 0; };
		A70000000000000000000005 /* AgentCore Sources */ = {isa = PBXSourcesBuildPhase; buildActionMask = 2147483647; files = (A50000000000000000000013 /* AgentCommandRunner.swift in Sources */, A50000000000000000000014 /* AgentOperationStore.swift in Sources */, A50000000000000000000043 /* OperationJournal.swift in Sources */, A50000000000000000000015 /* XPCControlService.swift in Sources */, A50000000000000000000016 /* XPCPeerPolicy.swift in Sources */,); runOnlyForDeploymentPostprocessing = 0; };
		A70000000000000000000007 /* Agent Sources */ = {isa = PBXSourcesBuildPhase; buildActionMask = 2147483647; files = (A50000000000000000000019 /* main.swift in Sources */,); runOnlyForDeploymentPostprocessing = 0; };
		A70000000000000000000012 /* Unit Test Sources */ = {isa = PBXSourcesBuildPhase; buildActionMask = 2147483647; files = (A50000000000000000000022 /* ControlKitTests.swift in Sources */, A50000000000000000000023 /* AgentCoreTests.swift in Sources */, A50000000000000000000044 /* ControlAgentRegistrationTests.swift in Sources */, A50000000000000000000045 /* ControlAgentRegistration.swift in Test Sources */, A50000000000000000000048 /* RuntimeMonitoringAccessibility.swift in Test Sources */, A50000000000000000000050 /* RuntimeMetricsSampler.swift in Test Sources */, A50000000000000000000081 /* LLMProvider.swift in Test Sources */, A50000000000000000000082 /* LLMProviderTests.swift in Sources */, A50000000000000000000084 /* VoicePrompt.swift in Test Sources */, A50000000000000000000085 /* VoicePromptTests.swift in Sources */, A50000000000000000000090 /* AudioSampleRing.swift in Test Sources */, A50000000000000000000091 /* AudioSampleRingTests.swift in Sources */, A50000000000000000000094 /* ServiceContractTests.swift in Sources */, A50000000000000000000096 /* RealtimeContractTests.swift in Sources */,); runOnlyForDeploymentPostprocessing = 0; };
		A70000000000000000000015 /* UI Test Sources */ = {isa = PBXSourcesBuildPhase; buildActionMask = 2147483647; files = (A50000000000000000000024 /* SpeechRailAppUITests.swift in Sources */,); runOnlyForDeploymentPostprocessing = 0; };
		A70000000000000000000019 /* Helper Sources */ = {isa = PBXSourcesBuildPhase; buildActionMask = 2147483647; files = (A5000000000000000000007A /* main.swift in Sources */, A5000000000000000000007B /* CoreAudioTapCapture.swift in Sources */, A5000000000000000000007C /* CaptureHelperProtocol.swift in Sources */,); runOnlyForDeploymentPostprocessing = 0; };
/* End PBXSourcesBuildPhase section */

/* Begin PBXTargetDependency section */
		A80000000000000000000001 /* App depends on ControlKit */ = {isa = PBXTargetDependency; target = A20000000000000000000002 /* SpeechRailControlKit */; targetProxy = A90000000000000000000001; };
		A80000000000000000000002 /* App depends on Agent */ = {isa = PBXTargetDependency; target = A20000000000000000000004 /* SpeechRailControlAgent */; targetProxy = A90000000000000000000002; };
		A80000000000000000000003 /* AgentCore depends on ControlKit */ = {isa = PBXTargetDependency; target = A20000000000000000000002 /* SpeechRailControlKit */; targetProxy = A90000000000000000000003; };
		A80000000000000000000004 /* Agent depends on AgentCore */ = {isa = PBXTargetDependency; target = A20000000000000000000003 /* SpeechRailControlAgentCore */; targetProxy = A90000000000000000000004; };
		A80000000000000000000005 /* Agent depends on ControlKit */ = {isa = PBXTargetDependency; target = A20000000000000000000002 /* SpeechRailControlKit */; targetProxy = A90000000000000000000005; };
		A80000000000000000000006 /* Tests depend on ControlKit */ = {isa = PBXTargetDependency; target = A20000000000000000000002 /* SpeechRailControlKit */; targetProxy = A90000000000000000000006; };
		A80000000000000000000007 /* Tests depend on AgentCore */ = {isa = PBXTargetDependency; target = A20000000000000000000003 /* SpeechRailControlAgentCore */; targetProxy = A90000000000000000000007; };
		A80000000000000000000008 /* UI Tests depend on App */ = {isa = PBXTargetDependency; target = A20000000000000000000001 /* SpeechRailApp */; targetProxy = A90000000000000000000008; };
		A80000000000000000000009 /* App depends on CaptureHelper */ = {isa = PBXTargetDependency; target = A20000000000000000000007 /* SpeechRailCaptureHelper */; targetProxy = A90000000000000000000009; };
/* End PBXTargetDependency section */

/* Begin XCBuildConfiguration section */
		A61000000000000000000001 /* Project Debug */ = {isa = XCBuildConfiguration; buildSettings = { CLANG_ENABLE_MODULES = YES; SWIFT_VERSION = 6.0; }; name = Debug; };
		A61000000000000000000002 /* Project Release */ = {isa = XCBuildConfiguration; buildSettings = { CLANG_ENABLE_MODULES = YES; SWIFT_VERSION = 6.0; }; name = Release; };
		A61000000000000000000003 /* Project Distribution */ = {isa = XCBuildConfiguration; buildSettings = { CLANG_ENABLE_MODULES = YES; SWIFT_VERSION = 6.0; }; name = Distribution; };
		A61000000000000000000004 /* App Debug */ = {isa = XCBuildConfiguration; baseConfigurationReference = A40000000000000000000019 /* Debug.xcconfig */; buildSettings = { CODE_SIGN_ENTITLEMENTS = Entitlements/SpeechRailApp.entitlements; INFOPLIST_KEY_NSMicrophoneUsageDescription = "读取麦克风用于录制音色克隆的参考朗读，以及语音助手、会议助手与实时字幕的会话。原始音频不留存：克隆录音在注册后即删除，会话只保留文字记录。"; INFOPLIST_FILE = "SpeechRailApp/Info.plist"; CURRENT_PROJECT_VERSION = 19; GENERATE_INFOPLIST_FILE = YES; INFOPLIST_KEY_CFBundleDisplayName = SpeechRail; INFOPLIST_KEY_CFBundleName = SpeechRail; INFOPLIST_KEY_LSApplicationCategoryType = "public.app-category.developer-tools"; LD_RUNPATH_SEARCH_PATHS = ("$(inherited)", "@executable_path/../Frameworks"); MACOSX_DEPLOYMENT_TARGET = 26.0; MARKETING_VERSION = 2.7.0; PRODUCT_NAME = SpeechRail; SWIFT_EMIT_LOC_STRINGS = YES; }; name = Debug; };
		A61000000000000000000005 /* App Release */ = {isa = XCBuildConfiguration; baseConfigurationReference = A40000000000000000000020 /* Release.xcconfig */; buildSettings = { CODE_SIGN_ENTITLEMENTS = Entitlements/SpeechRailApp.entitlements; INFOPLIST_KEY_NSMicrophoneUsageDescription = "读取麦克风用于录制音色克隆的参考朗读，以及语音助手、会议助手与实时字幕的会话。原始音频不留存：克隆录音在注册后即删除，会话只保留文字记录。"; INFOPLIST_FILE = "SpeechRailApp/Info.plist"; CURRENT_PROJECT_VERSION = 19; GENERATE_INFOPLIST_FILE = YES; INFOPLIST_KEY_CFBundleDisplayName = SpeechRail; INFOPLIST_KEY_CFBundleName = SpeechRail; INFOPLIST_KEY_LSApplicationCategoryType = "public.app-category.developer-tools"; LD_RUNPATH_SEARCH_PATHS = ("$(inherited)", "@executable_path/../Frameworks"); MACOSX_DEPLOYMENT_TARGET = 26.0; MARKETING_VERSION = 2.7.0; PRODUCT_NAME = SpeechRail; SWIFT_EMIT_LOC_STRINGS = YES; }; name = Release; };
		A61000000000000000000006 /* App Distribution */ = {isa = XCBuildConfiguration; baseConfigurationReference = A40000000000000000000021 /* Distribution.xcconfig */; buildSettings = { CODE_SIGN_ENTITLEMENTS = Entitlements/SpeechRailApp.entitlements; INFOPLIST_KEY_NSMicrophoneUsageDescription = "读取麦克风用于录制音色克隆的参考朗读，以及语音助手、会议助手与实时字幕的会话。原始音频不留存：克隆录音在注册后即删除，会话只保留文字记录。"; INFOPLIST_FILE = "SpeechRailApp/Info.plist"; CURRENT_PROJECT_VERSION = 19; GENERATE_INFOPLIST_FILE = YES; INFOPLIST_KEY_CFBundleDisplayName = SpeechRail; INFOPLIST_KEY_CFBundleName = SpeechRail; INFOPLIST_KEY_LSApplicationCategoryType = "public.app-category.developer-tools"; LD_RUNPATH_SEARCH_PATHS = ("$(inherited)", "@executable_path/../Frameworks"); MACOSX_DEPLOYMENT_TARGET = 26.0; MARKETING_VERSION = 2.7.0; PRODUCT_NAME = SpeechRail; SWIFT_EMIT_LOC_STRINGS = YES; }; name = Distribution; };
		A61000000000000000000007 /* ControlKit Debug */ = {isa = XCBuildConfiguration; baseConfigurationReference = A40000000000000000000019 /* Debug.xcconfig */; buildSettings = { DEFINES_MODULE = YES; DYLIB_INSTALL_NAME_BASE = "@rpath"; GENERATE_INFOPLIST_FILE = YES; INSTALL_PATH = "$(LOCAL_LIBRARY_DIR)/Frameworks"; PRODUCT_BUNDLE_IDENTIFIER = com.speechrail.desktop.controlkit; PRODUCT_NAME = SpeechRailControlKit; SKIP_INSTALL = YES; }; name = Debug; };
		A61000000000000000000008 /* ControlKit Release */ = {isa = XCBuildConfiguration; baseConfigurationReference = A40000000000000000000020 /* Release.xcconfig */; buildSettings = { DEFINES_MODULE = YES; DYLIB_INSTALL_NAME_BASE = "@rpath"; GENERATE_INFOPLIST_FILE = YES; INSTALL_PATH = "$(LOCAL_LIBRARY_DIR)/Frameworks"; PRODUCT_BUNDLE_IDENTIFIER = com.speechrail.desktop.controlkit; PRODUCT_NAME = SpeechRailControlKit; SKIP_INSTALL = YES; }; name = Release; };
		A61000000000000000000009 /* ControlKit Distribution */ = {isa = XCBuildConfiguration; baseConfigurationReference = A40000000000000000000021 /* Distribution.xcconfig */; buildSettings = { DEFINES_MODULE = YES; DYLIB_INSTALL_NAME_BASE = "@rpath"; GENERATE_INFOPLIST_FILE = YES; INSTALL_PATH = "$(LOCAL_LIBRARY_DIR)/Frameworks"; PRODUCT_BUNDLE_IDENTIFIER = com.speechrail.desktop.controlkit; PRODUCT_NAME = SpeechRailControlKit; SKIP_INSTALL = YES; }; name = Distribution; };
		A61000000000000000000010 /* AgentCore Debug */ = {isa = XCBuildConfiguration; baseConfigurationReference = A40000000000000000000019 /* Debug.xcconfig */; buildSettings = { DEFINES_MODULE = YES; DYLIB_INSTALL_NAME_BASE = "@rpath"; GENERATE_INFOPLIST_FILE = YES; INSTALL_PATH = "$(LOCAL_LIBRARY_DIR)/Frameworks"; PRODUCT_BUNDLE_IDENTIFIER = com.speechrail.desktop.controlagentcore; PRODUCT_NAME = SpeechRailControlAgentCore; SKIP_INSTALL = YES; }; name = Debug; };
		A61000000000000000000011 /* AgentCore Release */ = {isa = XCBuildConfiguration; baseConfigurationReference = A40000000000000000000020 /* Release.xcconfig */; buildSettings = { DEFINES_MODULE = YES; DYLIB_INSTALL_NAME_BASE = "@rpath"; GENERATE_INFOPLIST_FILE = YES; INSTALL_PATH = "$(LOCAL_LIBRARY_DIR)/Frameworks"; PRODUCT_BUNDLE_IDENTIFIER = com.speechrail.desktop.controlagentcore; PRODUCT_NAME = SpeechRailControlAgentCore; SKIP_INSTALL = YES; }; name = Release; };
		A61000000000000000000012 /* AgentCore Distribution */ = {isa = XCBuildConfiguration; baseConfigurationReference = A40000000000000000000021 /* Distribution.xcconfig */; buildSettings = { DEFINES_MODULE = YES; DYLIB_INSTALL_NAME_BASE = "@rpath"; GENERATE_INFOPLIST_FILE = YES; INSTALL_PATH = "$(LOCAL_LIBRARY_DIR)/Frameworks"; PRODUCT_BUNDLE_IDENTIFIER = com.speechrail.desktop.controlagentcore; PRODUCT_NAME = SpeechRailControlAgentCore; SKIP_INSTALL = YES; }; name = Distribution; };
		A61000000000000000000013 /* Agent Debug */ = {isa = XCBuildConfiguration; baseConfigurationReference = A40000000000000000000019 /* Debug.xcconfig */; buildSettings = { LD_RUNPATH_SEARCH_PATHS = ("$(inherited)", "@executable_path/../Frameworks", "@executable_path/../../../../Frameworks"); PRODUCT_BUNDLE_IDENTIFIER = com.speechrail.desktop.control; PRODUCT_NAME = SpeechRailControlAgent; SKIP_INSTALL = YES; }; name = Debug; };
		A61000000000000000000014 /* Agent Release */ = {isa = XCBuildConfiguration; baseConfigurationReference = A40000000000000000000020 /* Release.xcconfig */; buildSettings = { LD_RUNPATH_SEARCH_PATHS = ("$(inherited)", "@executable_path/../Frameworks", "@executable_path/../../../../Frameworks"); PRODUCT_BUNDLE_IDENTIFIER = com.speechrail.desktop.control; PRODUCT_NAME = SpeechRailControlAgent; SKIP_INSTALL = YES; }; name = Release; };
		A61000000000000000000015 /* Agent Distribution */ = {isa = XCBuildConfiguration; baseConfigurationReference = A40000000000000000000021 /* Distribution.xcconfig */; buildSettings = { LD_RUNPATH_SEARCH_PATHS = ("$(inherited)", "@executable_path/../Frameworks", "@executable_path/../../../../Frameworks"); PRODUCT_BUNDLE_IDENTIFIER = com.speechrail.desktop.control; PRODUCT_NAME = SpeechRailControlAgent; SKIP_INSTALL = YES; }; name = Distribution; };
		A61000000000000000000016 /* Tests Debug */ = {isa = XCBuildConfiguration; baseConfigurationReference = A40000000000000000000019 /* Debug.xcconfig */; buildSettings = { GENERATE_INFOPLIST_FILE = YES; PRODUCT_BUNDLE_IDENTIFIER = com.speechrail.desktop.tests; PRODUCT_NAME = SpeechRailAppTests; }; name = Debug; };
		A61000000000000000000017 /* Tests Release */ = {isa = XCBuildConfiguration; baseConfigurationReference = A40000000000000000000020 /* Release.xcconfig */; buildSettings = { GENERATE_INFOPLIST_FILE = YES; PRODUCT_BUNDLE_IDENTIFIER = com.speechrail.desktop.tests; PRODUCT_NAME = SpeechRailAppTests; }; name = Release; };
		A61000000000000000000018 /* Tests Distribution */ = {isa = XCBuildConfiguration; baseConfigurationReference = A40000000000000000000021 /* Distribution.xcconfig */; buildSettings = { GENERATE_INFOPLIST_FILE = YES; PRODUCT_BUNDLE_IDENTIFIER = com.speechrail.desktop.tests; PRODUCT_NAME = SpeechRailAppTests; }; name = Distribution; };
		A61000000000000000000019 /* UI Tests Debug */ = {isa = XCBuildConfiguration; baseConfigurationReference = A40000000000000000000019 /* Debug.xcconfig */; buildSettings = { GENERATE_INFOPLIST_FILE = YES; MACOSX_DEPLOYMENT_TARGET = 26.0; PRODUCT_BUNDLE_IDENTIFIER = com.speechrail.desktop.uitests; PRODUCT_NAME = SpeechRailAppUITests; TEST_TARGET_NAME = SpeechRailApp; }; name = Debug; };
		A61000000000000000000020 /* UI Tests Release */ = {isa = XCBuildConfiguration; baseConfigurationReference = A40000000000000000000020 /* Release.xcconfig */; buildSettings = { GENERATE_INFOPLIST_FILE = YES; MACOSX_DEPLOYMENT_TARGET = 26.0; PRODUCT_BUNDLE_IDENTIFIER = com.speechrail.desktop.uitests; PRODUCT_NAME = SpeechRailAppUITests; TEST_TARGET_NAME = SpeechRailApp; }; name = Release; };
		A61000000000000000000021 /* UI Tests Distribution */ = {isa = XCBuildConfiguration; baseConfigurationReference = A40000000000000000000021 /* Distribution.xcconfig */; buildSettings = { GENERATE_INFOPLIST_FILE = YES; MACOSX_DEPLOYMENT_TARGET = 26.0; PRODUCT_BUNDLE_IDENTIFIER = com.speechrail.desktop.uitests; PRODUCT_NAME = SpeechRailAppUITests; TEST_TARGET_NAME = SpeechRailApp; }; name = Distribution; };
		A61000000000000000000022 /* CaptureHelper Debug */ = {isa = XCBuildConfiguration; baseConfigurationReference = A40000000000000000000019 /* Debug.xcconfig */; buildSettings = { MACOSX_DEPLOYMENT_TARGET = 26.0; PRODUCT_BUNDLE_IDENTIFIER = com.speechrail.desktop.capture-helper; PRODUCT_NAME = SpeechRailCaptureHelper; SKIP_INSTALL = YES; SWIFT_VERSION = 6.0; }; name = Debug; };
		A61000000000000000000023 /* CaptureHelper Release */ = {isa = XCBuildConfiguration; baseConfigurationReference = A40000000000000000000020 /* Release.xcconfig */; buildSettings = { MACOSX_DEPLOYMENT_TARGET = 26.0; PRODUCT_BUNDLE_IDENTIFIER = com.speechrail.desktop.capture-helper; PRODUCT_NAME = SpeechRailCaptureHelper; SKIP_INSTALL = YES; SWIFT_VERSION = 6.0; }; name = Release; };
		A61000000000000000000024 /* CaptureHelper Distribution */ = {isa = XCBuildConfiguration; baseConfigurationReference = A40000000000000000000021 /* Distribution.xcconfig */; buildSettings = { MACOSX_DEPLOYMENT_TARGET = 26.0; PRODUCT_BUNDLE_IDENTIFIER = com.speechrail.desktop.capture-helper; PRODUCT_NAME = SpeechRailCaptureHelper; SKIP_INSTALL = YES; SWIFT_VERSION = 6.0; }; name = Distribution; };
/* End XCBuildConfiguration section */

/* Begin XCConfigurationList section */
		A60000000000000000000001 /* App Config */ = {isa = XCConfigurationList; buildConfigurations = (A61000000000000000000004, A61000000000000000000005, A61000000000000000000006,); defaultConfigurationIsVisible = 0; defaultConfigurationName = Debug; };
		A60000000000000000000002 /* ControlKit Config */ = {isa = XCConfigurationList; buildConfigurations = (A61000000000000000000007, A61000000000000000000008, A61000000000000000000009,); defaultConfigurationIsVisible = 0; defaultConfigurationName = Debug; };
		A60000000000000000000003 /* AgentCore Config */ = {isa = XCConfigurationList; buildConfigurations = (A61000000000000000000010, A61000000000000000000011, A61000000000000000000012,); defaultConfigurationIsVisible = 0; defaultConfigurationName = Debug; };
		A60000000000000000000004 /* Agent Config */ = {isa = XCConfigurationList; buildConfigurations = (A61000000000000000000013, A61000000000000000000014, A61000000000000000000015,); defaultConfigurationIsVisible = 0; defaultConfigurationName = Debug; };
		A60000000000000000000005 /* Tests Config */ = {isa = XCConfigurationList; buildConfigurations = (A61000000000000000000016, A61000000000000000000017, A61000000000000000000018,); defaultConfigurationIsVisible = 0; defaultConfigurationName = Debug; };
		A60000000000000000000006 /* UI Tests Config */ = {isa = XCConfigurationList; buildConfigurations = (A61000000000000000000019, A61000000000000000000020, A61000000000000000000021,); defaultConfigurationIsVisible = 0; defaultConfigurationName = Debug; };
		A60000000000000000000007 /* Project Config */ = {isa = XCConfigurationList; buildConfigurations = (A61000000000000000000001, A61000000000000000000002, A61000000000000000000003,); defaultConfigurationIsVisible = 0; defaultConfigurationName = Debug; };
		A60000000000000000000008 /* CaptureHelper Config */ = {isa = XCConfigurationList; buildConfigurations = (A61000000000000000000022, A61000000000000000000023, A61000000000000000000024,); defaultConfigurationIsVisible = 0; defaultConfigurationName = Debug; };
/* End XCConfigurationList section */
	};
	rootObject = A10000000000000000000001 /* Project object */;
}
